
Microsoft Visual Studio Solution File, Format Version 12.00
# Visual Studio Version 17
VisualStudioVersion = 17.7.34031.279
MinimumVisualStudioVersion = 10.0.40219.1
Project("{FAE04EC0-301F-11D3-BF4B-00C04F79EFBC}") = "BlocoDeNotas", "BlocoDeNotas\BlocoDeNotas.csproj", "{55C8ABC4-81A2-4034-BC2D-21556E08D25D}"
EndProject
Global
	GlobalSection(SolutionConfigurationPlatforms) = preSolution
		Debug|Any CPU = Debug|Any CPU
		Release|Any CPU = Release|Any CPU
	EndGlobalSection
	GlobalSection(ProjectConfigurationPlatforms) = postSolution
		{55C8ABC4-81A2-4034-BC2D-21556E08D25D}.Debug|Any CPU.ActiveCfg = Debug|Any CPU
		{55C8ABC4-81A2-4034-BC2D-21556E08D25D}.Debug|Any CPU.Build.0 = Debug|Any CPU
		{55C8ABC4-81A2-4034-BC2D-21556E08D25D}.Release|Any CPU.ActiveCfg = Release|Any CPU
		{55C8ABC4-81A2-4034-BC2D-21556E08D25D}.Release|Any CPU.Build.0 = Release|Any CPU
	EndGlobalSection
	GlobalSection(SolutionProperties) = preSolution
		HideSolutionNode = FALSE
	EndGlobalSection
	GlobalSection(ExtensibilityGlobals) = postSolution
		SolutionGuid = {5266707A-18FE-474B-9135-C89D8D1BCCF4}
	EndGlobalSection
EndGlobal
